
Microsoft Visual Studio Solution File, Format Version 12.00
# Visual Studio Version 17
VisualStudioVersion = 17.1.32414.318
MinimumVisualStudioVersion = 10.0.40219.1
Project("{888888A0-9F3D-457C-B088-3A5042F75D52}") = "Differential Equations x2 Recalc", "Differential Equations x2 Recalc\Differential Equations x2 Recalc.pyproj", "{6CA67CB2-98D8-4EF2-95ED-A3FBFBC3A9CE}"
EndProject
Global
	GlobalSection(SolutionConfigurationPlatforms) = preSolution
		Debug|Any CPU = Debug|Any CPU
		Release|Any CPU = Release|Any CPU
	EndGlobalSection
	GlobalSection(ProjectConfigurationPlatforms) = postSolution
		{6CA67CB2-98D8-4EF2-95ED-A3FBFBC3A9CE}.Debug|Any CPU.ActiveCfg = Debug|Any CPU
		{6CA67CB2-98D8-4EF2-95ED-A3FBFBC3A9CE}.Release|Any CPU.ActiveCfg = Release|Any CPU
	EndGlobalSection
	GlobalSection(SolutionProperties) = preSolution
		HideSolutionNode = FALSE
	EndGlobalSection
	GlobalSection(ExtensibilityGlobals) = postSolution
		SolutionGuid = {CF88820E-9FA6-4EB2-A135-2A27A251E3D1}
	EndGlobalSection
EndGlobal
